lockfileVersion: '9.0'

settings:
  autoInstallPeers: true
  excludeLinksFromLockfile: false

importers:

  .:
    dependencies:
      lodash:
        specifier: ^4.17.21
        version: 4.17.21
      loglevel:
        specifier: ^1.9.2
        version: 1.9.2
      p-map:
        specifier: ^7.0.3
        version: 7.0.3
    devDependencies:
      '@faker-js/faker':
        specifier: ^9.9.0
        version: 9.9.0
      '@types/lodash':
        specifier: ^4.17.19
        version: 4.17.20
      '@types/node':
        specifier: ^24.3.0
        version: 24.5.2

packages:

  '@faker-js/faker@9.9.0':
    resolution: {integrity: sha512-OEl393iCOoo/z8bMezRlJu+GlRGlsKbUAN7jKB6LhnKoqKve5DXRpalbItIIcwnCjs1k/FOPjFzcA6Qn+H+YbA==}
    engines: {node: '>=18.0.0', npm: '>=9.0.0'}

  '@types/lodash@4.17.20':
    resolution: {integrity: sha512-H3MHACvFUEiujabxhaI/ImO6gUrd8oOurg7LQtS7mbwIXA/cUqWrvBsaeJ23aZEPk1TAYkurjfMbSELfoCXlGA==}

  '@types/node@24.5.2':
    resolution: {integrity: sha512-FYxk1I7wPv3K2XBaoyH2cTnocQEu8AOZ60hPbsyukMPLv5/5qr7V1i8PLHdl6Zf87I+xZXFvPCXYjiTFq+YSDQ==}

  lodash@4.17.21:
    resolution: {integrity: sha512-v2kDEe57lecTulaDIuNTPy3Ry4gLGJ6Z1O3vE1krgXZNrsQ+LFTGHVxVjcXPs17LhbZVGedAJv8XZ1tvj5FvSg==}

  loglevel@1.9.2:
    resolution: {integrity: sha512-HgMmCqIJSAKqo68l0rS2AanEWfkxaZ5wNiEFb5ggm08lDs9Xl2KxBlX3PTcaD2chBM1gXAYf491/M2Rv8Jwayg==}
    engines: {node: '>= 0.6.0'}

  p-map@7.0.3:
    resolution: {integrity: sha512-VkndIv2fIB99swvQoA65bm+fsmt6UNdGeIB0oxBs+WhAhdh08QA04JXpI7rbB9r08/nkbysKoya9rtDERYOYMA==}
    engines: {node: '>=18'}

  undici-types@7.12.0:
    resolution: {integrity: sha512-goOacqME2GYyOZZfb5Lgtu+1IDmAlAEu5xnD3+xTzS10hT0vzpf0SPjkXwAw9Jm+4n/mQGDP3LO8CPbYROeBfQ==}

snapshots:

  '@faker-js/faker@9.9.0': {}

  '@types/lodash@4.17.20': {}

  '@types/node@24.5.2':
    dependencies:
      undici-types: 7.12.0

  lodash@4.17.21: {}

  loglevel@1.9.2: {}

  p-map@7.0.3: {}

  undici-types@7.12.0: {}
